# This file is autogenerated, do not edit; changes may be undone by the next 'dep ensure'.


[[projects]]
  name = "bitbucket.org/drannoc/golbot"
  packages = ["."]
  revision = "cdd72a7a2e4d3fe3c58638834baf1a1b9db279c5"
  version = "v1.0.0"

[[projects]]
  name = "github.com/bwmarrin/discordgo"
  packages = ["."]
  revision = "4a33b9bc7c56cfdb9bb244e33e83cb3941fe2bdc"
  version = "v0.18.0"

[[projects]]
  name = "github.com/golang/protobuf"
  packages = ["proto"]
  revision = "aa810b61a9c79d51363740d207bb46cf8e620ed5"
  version = "v1.2.0"

[[projects]]
  name = "github.com/gorilla/websocket"
  packages = ["."]
  revision = "66b9c49e59c6c48f0ffce28c2d8b8a5678502c6d"
  version = "v1.4.0"

[[projects]]
  name = "github.com/mitchellh/mapstructure"
  packages = ["."]
  revision = "3536a929edddb9a5b34bd6861dc4a9647cb459fe"
  version = "v1.1.2"

[[projects]]
  branch = "master"
  name = "github.com/monkeydioude/gophy"
  packages = [
    ".",
    "pkg/entity",
    "pkg/request"
  ]
  revision = "285ede71c2950331bf31e269f739c59069b71fec"

[[projects]]
  name = "github.com/monkeydioude/tools"
  packages = [
    ".",
    "http"
  ]
  revision = "3ca37c51e9de7d625aef7a266741a75ef1ef8f17"
  version = "2.3.0"

[[projects]]
  branch = "master"
  name = "github.com/turnage/graw"
  packages = [
    ".",
    "botfaces",
    "reddit",
    "streams",
    "streams/internal/monitor",
    "streams/internal/rsort"
  ]
  revision = "15877a6c18d60f0ad1336c3d44fb59e95c3e6b40"

[[projects]]
  name = "github.com/turnage/redditproto"
  packages = ["."]
  revision = "e5041bea89ff1f806a75e266af69f4fb82f1eff3"
  version = "2.1.0"

[[projects]]
  branch = "master"
  name = "golang.org/x/crypto"
  packages = [
    "internal/subtle",
    "nacl/secretbox",
    "poly1305",
    "salsa20/salsa"
  ]
  revision = "505ab145d0a99da450461ae2c1a9f6cd10d1f447"

[[projects]]
  branch = "master"
  name = "golang.org/x/net"
  packages = [
    "context",
    "context/ctxhttp"
  ]
  revision = "927f97764cc334a6575f4b7a1584a147864d5723"

[[projects]]
  branch = "master"
  name = "golang.org/x/oauth2"
  packages = [
    ".",
    "internal"
  ]
  revision = "d668ce993890a79bda886613ee587a69dd5da7a6"

[[projects]]
  name = "google.golang.org/appengine"
  packages = [
    "internal",
    "internal/base",
    "internal/datastore",
    "internal/log",
    "internal/remote_api",
    "internal/urlfetch",
    "urlfetch"
  ]
  revision = "e9657d882bb81064595ca3b56cbe2546bbabf7b1"
  version = "v1.4.0"

[solve-meta]
  analyzer-name = "dep"
  analyzer-version = 1
  inputs-digest = "02c5dc483a2d168965ec23f1d4215311ddec505ff9c6a868ca9bb4aef38e9fc4"
  solver-name = "gps-cdcl"
  solver-version = 1
